// !$*UTF8*$!
{
	archiveVersion = 1;
	classes = {
	};
	objectVersion = 56;
	objects = {

/* Begin PBXBuildFile section */
		1D2FBCCB29D871B400AC351F /* CryptoAppApp.swift in Sources */ = {isa = PBXBuildFile; fileRef = 1D2FBCCA29D871B400AC351F /* CryptoAppApp.swift */; };
		1D2FBCCD29D871B400AC351F /* ContentView.swift in Sources */ = {isa = PBXBuildFile; fileRef = 1D2FBCCC29D871B400AC351F /* ContentView.swift */; };
		1D2FBCD229D871B500AC351F /* Preview Assets.xcassets in Resources */ = {isa = PBXBuildFile; fileRef = 1D2FBCD129D871B500AC351F /* Preview Assets.xcassets */; };
		1D2FBCD929D8739600AC351F /* Assets.xcassets in Resources */ = {isa = PBXBuildFile; fileRef = 1D2FBCD829D8739600AC351F /* Assets.xcassets */; };
		1D2FBCDE29D8743A00AC351F /* Color.swift in Sources */ = {isa = PBXBuildFile; fileRef = 1D2FBCDD29D8743A00AC351F /* Color.swift */; };
		1D2FBCE429D875D800AC351F /* HomeView.swift in Sources */ = {isa = PBXBuildFile; fileRef = 1D2FBCE329D875D800AC351F /* HomeView.swift */; };
		1D2FBCE829D88DF700AC351F /* CircleButtonView.swift in Sources */ = {isa = PBXBuildFile; fileRef = 1D2FBCE729D88DF700AC351F /* CircleButtonView.swift */; };
		1D2FBCEA29D8920000AC351F /* CircleButtonAnimationView.swift in Sources */ = {isa = PBXBuildFile; fileRef = 1D2FBCE929D8920000AC351F /* CircleButtonAnimationView.swift */; };
		1D370E9E29D8B3C70025AA24 /* CoinModel.swift in Sources */ = {isa = PBXBuildFile; fileRef = 1D370E9D29D8B3C60025AA24 /* CoinModel.swift */; };
		1D370EA029D8BB960025AA24 /* CoinRowView.swift in Sources */ = {isa = PBXBuildFile; fileRef = 1D370E9F29D8BB960025AA24 /* CoinRowView.swift */; };
		1D370EA429D8BCBE0025AA24 /* PreviewProvider.swift in Sources */ = {isa = PBXBuildFile; fileRef = 1D370EA329D8BCBE0025AA24 /* PreviewProvider.swift */; };
		1D370EA629D8BF210025AA24 /* Double.swift in Sources */ = {isa = PBXBuildFile; fileRef = 1D370EA529D8BF210025AA24 /* Double.swift */; };
		1D667A5129E9E9D800897F8B /* StatisticModel.swift in Sources */ = {isa = PBXBuildFile; fileRef = 1D667A5029E9E9D800897F8B /* StatisticModel.swift */; };
		1D667A5329E9EAF300897F8B /* StatisticView.swift in Sources */ = {isa = PBXBuildFile; fileRef = 1D667A5229E9EAF300897F8B /* StatisticView.swift */; };
		1D667A5529E9EE4F00897F8B /* HomeStatView.swift in Sources */ = {isa = PBXBuildFile; fileRef = 1D667A5429E9EE4F00897F8B /* HomeStatView.swift */; };
		1D667A5729E9F1E800897F8B /* MarketDataModel.swift in Sources */ = {isa = PBXBuildFile; fileRef = 1D667A5629E9F1E800897F8B /* MarketDataModel.swift */; };
		1D667A5929E9F57700897F8B /* MarketDataService.swift in Sources */ = {isa = PBXBuildFile; fileRef = 1D667A5829E9F57700897F8B /* MarketDataService.swift */; };
		1D76651B29D9CC50005C72CB /* CoinDataService.swift in Sources */ = {isa = PBXBuildFile; fileRef = 1D76651A29D9CC50005C72CB /* CoinDataService.swift */; };
		1D76651E29D9DCFC005C72CB /* NetworkingManager.swift in Sources */ = {isa = PBXBuildFile; fileRef = 1D76651D29D9DCFC005C72CB /* NetworkingManager.swift */; };
		1D76652229D9EB0A005C72CB /* CoinImageView.swift in Sources */ = {isa = PBXBuildFile; fileRef = 1D76652129D9EB0A005C72CB /* CoinImageView.swift */; };
		1D76652429D9ECF6005C72CB /* CoinImageService.swift in Sources */ = {isa = PBXBuildFile; fileRef = 1D76652329D9ECF6005C72CB /* CoinImageService.swift */; };
		1D76652629D9EF01005C72CB /* CoinImageViewModel.swift in Sources */ = {isa = PBXBuildFile; fileRef = 1D76652529D9EF01005C72CB /* CoinImageViewModel.swift */; };
		1D76652829DA10B8005C72CB /* LocaleFileManager.swift in Sources */ = {isa = PBXBuildFile; fileRef = 1D76652729DA10B7005C72CB /* LocaleFileManager.swift */; };
		1D76652A29DA1AC3005C72CB /* SearchBarView.swift in Sources */ = {isa = PBXBuildFile; fileRef = 1D76652929DA1AC2005C72CB /* SearchBarView.swift */; };
		1D76652C29DA1E71005C72CB /* UIApplication.swift in Sources */ = {isa = PBXBuildFile; fileRef = 1D76652B29DA1E71005C72CB /* UIApplication.swift */; };
		1DAFDFD529EB36C20009F252 /* PortfolioContainer.xcdatamodeld in Sources */ = {isa = PBXBuildFile; fileRef = 1DAFDFD329EB36C20009F252 /* PortfolioContainer.xcdatamodeld */; };
		1DAFDFD729EB37790009F252 /* PortfolioDataService.swift in Sources */ = {isa = PBXBuildFile; fileRef = 1DAFDFD629EB37790009F252 /* PortfolioDataService.swift */; };
		1DCB7D9B29D99EAC00956B8B /* HomeViewModel.swift in Sources */ = {isa = PBXBuildFile; fileRef = 1DCB7D9A29D99EAC00956B8B /* HomeViewModel.swift */; };
		1DFC784A29EAFF1400B746FB /* PortfolioView.swift in Sources */ = {isa = PBXBuildFile; fileRef = 1DFC784929EAFF1400B746FB /* PortfolioView.swift */; };
		1DFC784C29EB016600B746FB /* XMarkButton.swift in Sources */ = {isa = PBXBuildFile; fileRef = 1DFC784B29EB016600B746FB /* XMarkButton.swift */; };
		1DFC785029EB045800B746FB /* CoinLogoView.swift in Sources */ = {isa = PBXBuildFile; fileRef = 1DFC784F29EB045800B746FB /* CoinLogoView.swift */; };
/* End PBXBuildFile section */

/* Begin PBXFileReference section */
		1D2FBCC729D871B400AC351F /* CryptoApp.app */ = {isa = PBXFileReference; explicitFileType = wrapper.application; includeInIndex = 0; path = CryptoApp.app; sourceTree = BUILT_PRODUCTS_DIR; };
		1D2FBCCA29D871B400AC351F /* CryptoAppApp.swift */ = {isa = PBXFileReference; lastKnownFileType = sourcecode.swift; path = CryptoAppApp.swift; sourceTree = "<group>"; };
		1D2FBCCC29D871B400AC351F /* ContentView.swift */ = {isa = PBXFileReference; lastKnownFileType = sourcecode.swift; path = ContentView.swift; sourceTree = "<group>"; };
		1D2FBCD129D871B500AC351F /* Preview Assets.xcassets */ = {isa = PBXFileReference; lastKnownFileType = folder.assetcatalog; path = "Preview Assets.xcassets"; sourceTree = "<group>"; };
		1D2FBCD829D8739600AC351F /* Assets.xcassets */ = {isa = PBXFileReference; lastKnownFileType = folder.assetcatalog; path = Assets.xcassets; sourceTree = "<group>"; };
		1D2FBCDD29D8743A00AC351F /* Color.swift */ = {isa = PBXFileReference; fileEncoding = 4; lastKnownFileType = sourcecode.swift; path = Color.swift; sourceTree = "<group>"; };
		1D2FBCE329D875D800AC351F /* HomeView.swift */ = {isa = PBXFileReference; lastKnownFileType = sourcecode.swift; path = HomeView.swift; sourceTree = "<group>"; };
		1D2FBCE729D88DF700AC351F /* CircleButtonView.swift */ = {isa = PBXFileReference; lastKnownFileType = sourcecode.swift; path = CircleButtonView.swift; sourceTree = "<group>"; };
		1D2FBCE929D8920000AC351F /* CircleButtonAnimationView.swift */ = {isa = PBXFileReference; lastKnownFileType = sourcecode.swift; path = CircleButtonAnimationView.swift; sourceTree = "<group>"; };
		1D370E9D29D8B3C60025AA24 /* CoinModel.swift */ = {isa = PBXFileReference; lastKnownFileType = sourcecode.swift; path = CoinModel.swift; sourceTree = "<group>"; };
		1D370E9F29D8BB960025AA24 /* CoinRowView.swift */ = {isa = PBXFileReference; lastKnownFileType = sourcecode.swift; path = CoinRowView.swift; sourceTree = "<group>"; };
		1D370EA329D8BCBE0025AA24 /* PreviewProvider.swift */ = {isa = PBXFileReference; fileEncoding = 4; lastKnownFileType = sourcecode.swift; path = PreviewProvider.swift; sourceTree = "<group>"; };
		1D370EA529D8BF210025AA24 /* Double.swift */ = {isa = PBXFileReference; lastKnownFileType = sourcecode.swift; path = Double.swift; sourceTree = "<group>"; };
		1D667A5029E9E9D800897F8B /* StatisticModel.swift */ = {isa = PBXFileReference; lastKnownFileType = sourcecode.swift; path = StatisticModel.swift; sourceTree = "<group>"; };
		1D667A5229E9EAF300897F8B /* StatisticView.swift */ = {isa = PBXFileReference; lastKnownFileType = sourcecode.swift; path = StatisticView.swift; sourceTree = "<group>"; };
		1D667A5429E9EE4F00897F8B /* HomeStatView.swift */ = {isa = PBXFileReference; lastKnownFileType = sourcecode.swift; path = HomeStatView.swift; sourceTree = "<group>"; };
		1D667A5629E9F1E800897F8B /* MarketDataModel.swift */ = {isa = PBXFileReference; lastKnownFileType = sourcecode.swift; path = MarketDataModel.swift; sourceTree = "<group>"; };
		1D667A5829E9F57700897F8B /* MarketDataService.swift */ = {isa = PBXFileReference; lastKnownFileType = sourcecode.swift; path = MarketDataService.swift; sourceTree = "<group>"; };
		1D76651A29D9CC50005C72CB /* CoinDataService.swift */ = {isa = PBXFileReference; lastKnownFileType = sourcecode.swift; path = CoinDataService.swift; sourceTree = "<group>"; };
		1D76651D29D9DCFC005C72CB /* NetworkingManager.swift */ = {isa = PBXFileReference; lastKnownFileType = sourcecode.swift; path = NetworkingManager.swift; sourceTree = "<group>"; };
		1D76652129D9EB0A005C72CB /* CoinImageView.swift */ = {isa = PBXFileReference; lastKnownFileType = sourcecode.swift; path = CoinImageView.swift; sourceTree = "<group>"; };
		1D76652329D9ECF6005C72CB /* CoinImageService.swift */ = {isa = PBXFileReference; lastKnownFileType = sourcecode.swift; path = CoinImageService.swift; sourceTree = "<group>"; };
		1D76652529D9EF01005C72CB /* CoinImageViewModel.swift */ = {isa = PBXFileReference; lastKnownFileType = sourcecode.swift; path = CoinImageViewModel.swift; sourceTree = "<group>"; };
		1D76652729DA10B7005C72CB /* LocaleFileManager.swift */ = {isa = PBXFileReference; lastKnownFileType = sourcecode.swift; path = LocaleFileManager.swift; sourceTree = "<group>"; };
		1D76652929DA1AC2005C72CB /* SearchBarView.swift */ = {isa = PBXFileReference; lastKnownFileType = sourcecode.swift; path = SearchBarView.swift; sourceTree = "<group>"; };
		1D76652B29DA1E71005C72CB /* UIApplication.swift */ = {isa = PBXFileReference; lastKnownFileType = sourcecode.swift; path = UIApplication.swift; sourceTree = "<group>"; };
		1DAFDFD429EB36C20009F252 /* PortfolioContainer.xcdatamodel */ = {isa = PBXFileReference; lastKnownFileType = wrapper.xcdatamodel; path = PortfolioContainer.xcdatamodel; sourceTree = "<group>"; };
		1DAFDFD629EB37790009F252 /* PortfolioDataService.swift */ = {isa = PBXFileReference; lastKnownFileType = sourcecode.swift; path = PortfolioDataService.swift; sourceTree = "<group>"; };
		1DCB7D9A29D99EAC00956B8B /* HomeViewModel.swift */ = {isa = PBXFileReference; lastKnownFileType = sourcecode.swift; path = HomeViewModel.swift; sourceTree = "<group>"; };
		1DFC784929EAFF1400B746FB /* PortfolioView.swift */ = {isa = PBXFileReference; lastKnownFileType = sourcecode.swift; path = PortfolioView.swift; sourceTree = "<group>"; };
		1DFC784B29EB016600B746FB /* XMarkButton.swift */ = {isa = PBXFileReference; lastKnownFileType = sourcecode.swift; path = XMarkButton.swift; sourceTree = "<group>"; };
		1DFC784F29EB045800B746FB /* CoinLogoView.swift */ = {isa = PBXFileReference; lastKnownFileType = sourcecode.swift; path = CoinLogoView.swift; sourceTree = "<group>"; };
/* End PBXFileReference section */

/* Begin PBXFrameworksBuildPhase section */
		1D2FBCC429D871B400AC351F /* Frameworks */ = {
			isa = PBXFrameworksBuildPhase;
			buildActionMask = 2147483647;
			files = (
			);
			runOnlyForDeploymentPostprocessing = 0;
		};
/* End PBXFrameworksBuildPhase section */

/* Begin PBXGroup section */
		1D2FBCBE29D871B400AC351F = {
			isa = PBXGroup;
			children = (
				1D2FBCC929D871B400AC351F /* CryptoApp */,
				1D2FBCC829D871B400AC351F /* Products */,
			);
			sourceTree = "<group>";
		};
		1D2FBCC829D871B400AC351F /* Products */ = {
			isa = PBXGroup;
			children = (
				1D2FBCC729D871B400AC351F /* CryptoApp.app */,
			);
			name = Products;
			sourceTree = "<group>";
		};
		1D2FBCC929D871B400AC351F /* CryptoApp */ = {
			isa = PBXGroup;
			children = (
				1D2FBCCA29D871B400AC351F /* CryptoAppApp.swift */,
				1D76651C29D9DCB3005C72CB /* Utilities */,
				1D2FBCDC29D873AA00AC351F /* Extension */,
				1D76651929D9CC1F005C72CB /* Services */,
				1D370E9C29D8B3AF0025AA24 /* Models */,
				1D2FBCDF29D8759D00AC351F /* Core */,
				1D2FBCCC29D871B400AC351F /* ContentView.swift */,
				1D2FBCD829D8739600AC351F /* Assets.xcassets */,
				1D2FBCD029D871B500AC351F /* Preview Content */,
			);
			path = CryptoApp;
			sourceTree = "<group>";
		};
		1D2FBCD029D871B500AC351F /* Preview Content */ = {
			isa = PBXGroup;
			children = (
				1D2FBCD129D871B500AC351F /* Preview Assets.xcassets */,
			);
			path = "Preview Content";
			sourceTree = "<group>";
		};
		1D2FBCDC29D873AA00AC351F /* Extension */ = {
			isa = PBXGroup;
			children = (
				1D370EA329D8BCBE0025AA24 /* PreviewProvider.swift */,
				1D2FBCDD29D8743A00AC351F /* Color.swift */,
				1D370EA529D8BF210025AA24 /* Double.swift */,
				1D76652B29DA1E71005C72CB /* UIApplication.swift */,
			);
			path = Extension;
			sourceTree = "<group>";
		};
		1D2FBCDF29D8759D00AC351F /* Core */ = {
			isa = PBXGroup;
			children = (
				1D2FBCE529D88DD800AC351F /* Components */,
				1D2FBCE029D875A200AC351F /* Home */,
			);
			path = Core;
			sourceTree = "<group>";
		};
		1D2FBCE029D875A200AC351F /* Home */ = {
			isa = PBXGroup;
			children = (
				1D2FBCE229D875C100AC351F /* ViewModels */,
				1D2FBCE129D875A800AC351F /* Views */,
			);
			path = Home;
			sourceTree = "<group>";
		};
		1D2FBCE129D875A800AC351F /* Views */ = {
			isa = PBXGroup;
			children = (
				1D2FBCE329D875D800AC351F /* HomeView.swift */,
				1D667A5429E9EE4F00897F8B /* HomeStatView.swift */,
				1D370E9F29D8BB960025AA24 /* CoinRowView.swift */,
				1DFC784929EAFF1400B746FB /* PortfolioView.swift */,
			);
			path = Views;
			sourceTree = "<group>";
		};
		1D2FBCE229D875C100AC351F /* ViewModels */ = {
			isa = PBXGroup;
			children = (
				1DCB7D9A29D99EAC00956B8B /* HomeViewModel.swift */,
			);
			path = ViewModels;
			sourceTree = "<group>";
		};
		1D2FBCE529D88DD800AC351F /* Components */ = {
			isa = PBXGroup;
			children = (
				1D667A5229E9EAF300897F8B /* StatisticView.swift */,
				1DFC784F29EB045800B746FB /* CoinLogoView.swift */,
				1D76652029D9EB01005C72CB /* CoinImage */,
				1D2FBCE629D88DE000AC351F /* CircleButton */,
				1D76652929DA1AC2005C72CB /* SearchBarView.swift */,
				1DFC784B29EB016600B746FB /* XMarkButton.swift */,
			);
			path = Components;
			sourceTree = "<group>";
		};
		1D2FBCE629D88DE000AC351F /* CircleButton */ = {
			isa = PBXGroup;
			children = (
				1D2FBCE729D88DF700AC351F /* CircleButtonView.swift */,
				1D2FBCE929D8920000AC351F /* CircleButtonAnimationView.swift */,
			);
			path = CircleButton;
			sourceTree = "<group>";
		};
		1D370E9C29D8B3AF0025AA24 /* Models */ = {
			isa = PBXGroup;
			children = (
				1D370E9D29D8B3C60025AA24 /* CoinModel.swift */,
				1D667A5629E9F1E800897F8B /* MarketDataModel.swift */,
				1D667A5029E9E9D800897F8B /* StatisticModel.swift */,
				1DAFDFD329EB36C20009F252 /* PortfolioContainer.xcdatamodeld */,
			);
			path = Models;
			sourceTree = "<group>";
		};
		1D76651929D9CC1F005C72CB /* Services */ = {
			isa = PBXGroup;
			children = (
				1D76651A29D9CC50005C72CB /* CoinDataService.swift */,
				1D76652329D9ECF6005C72CB /* CoinImageService.swift */,
				1D667A5829E9F57700897F8B /* MarketDataService.swift */,
				1DAFDFD629EB37790009F252 /* PortfolioDataService.swift */,
			);
			path = Services;
			sourceTree = "<group>";
		};
		1D76651C29D9DCB3005C72CB /* Utilities */ = {
			isa = PBXGroup;
			children = (
				1D76651D29D9DCFC005C72CB /* NetworkingManager.swift */,
				1D76652729DA10B7005C72CB /* LocaleFileManager.swift */,
			);
			path = Utilities;
			sourceTree = "<group>";
		};
		1D76652029D9EB01005C72CB /* CoinImage */ = {
			isa = PBXGroup;
			children = (
				1D76652129D9EB0A005C72CB /* CoinImageView.swift */,
				1D76652529D9EF01005C72CB /* CoinImageViewModel.swift */,
			);
			path = CoinImage;
			sourceTree = "<group>";
		};
/* End PBXGroup section */

/* Begin PBXNativeTarget section */
		1D2FBCC629D871B400AC351F /* CryptoApp */ = {
			isa = PBXNativeTarget;
			buildConfigurationList = 1D2FBCD529D871B500AC351F /* Build configuration list for PBXNativeTarget "CryptoApp" */;
			buildPhases = (
				1D2FBCC329D871B400AC351F /* Sources */,
				1D2FBCC429D871B400AC351F /* Frameworks */,
				1D2FBCC529D871B400AC351F /* Resources */,
			);
			buildRules = (
			);
			dependencies = (
			);
			name = CryptoApp;
			productName = CryptoApp;
			productReference = 1D2FBCC729D871B400AC351F /* CryptoApp.app */;
			productType = "com.apple.product-type.application";
		};
/* End PBXNativeTarget section */

/* Begin PBXProject section */
		1D2FBCBF29D871B400AC351F /* Project object */ = {
			isa = PBXProject;
			attributes = {
				BuildIndependentTargetsInParallel = 1;
				LastSwiftUpdateCheck = 1420;
				LastUpgradeCheck = 1420;
				TargetAttributes = {
					1D2FBCC629D871B400AC351F = {
						CreatedOnToolsVersion = 14.2;
					};
				};
			};
			buildConfigurationList = 1D2FBCC229D871B400AC351F /* Build configuration list for PBXProject "CryptoApp" */;
			compatibilityVersion = "Xcode 14.0";
			developmentRegion = en;
			hasScannedForEncodings = 0;
			knownRegions = (
				en,
				Base,
			);
			mainGroup = 1D2FBCBE29D871B400AC351F;
			productRefGroup = 1D2FBCC829D871B400AC351F /* Products */;
			projectDirPath = "";
			projectRoot = "";
			targets = (
				1D2FBCC629D871B400AC351F /* CryptoApp */,
			);
		};
/* End PBXProject section */

/* Begin PBXResourcesBuildPhase section */
		1D2FBCC529D871B400AC351F /* Resources */ = {
			isa = PBXResourcesBuildPhase;
			buildActionMask = 2147483647;
			files = (
				1D2FBCD929D8739600AC351F /* Assets.xcassets in Resources */,
				1D2FBCD229D871B500AC351F /* Preview Assets.xcassets in Resources */,
			);
			runOnlyForDeploymentPostprocessing = 0;
		};
/* End PBXResourcesBuildPhase section */

/* Begin PBXSourcesBuildPhase section */
		1D2FBCC329D871B400AC351F /* Sources */ = {
			isa = PBXSourcesBuildPhase;
			buildActionMask = 2147483647;
			files = (
				1DAFDFD529EB36C20009F252 /* PortfolioContainer.xcdatamodeld in Sources */,
				1DFC785029EB045800B746FB /* CoinLogoView.swift in Sources */,
				1D667A5129E9E9D800897F8B /* StatisticModel.swift in Sources */,
				1D76651B29D9CC50005C72CB /* CoinDataService.swift in Sources */,
				1D370EA029D8BB960025AA24 /* CoinRowView.swift in Sources */,
				1DCB7D9B29D99EAC00956B8B /* HomeViewModel.swift in Sources */,
				1D2FBCCD29D871B400AC351F /* ContentView.swift in Sources */,
				1D2FBCE429D875D800AC351F /* HomeView.swift in Sources */,
				1D667A5729E9F1E800897F8B /* MarketDataModel.swift in Sources */,
				1D76652229D9EB0A005C72CB /* CoinImageView.swift in Sources */,
				1D667A5329E9EAF300897F8B /* StatisticView.swift in Sources */,
				1D2FBCCB29D871B400AC351F /* CryptoAppApp.swift in Sources */,
				1D2FBCE829D88DF700AC351F /* CircleButtonView.swift in Sources */,
				1D76652C29DA1E71005C72CB /* UIApplication.swift in Sources */,
				1D2FBCDE29D8743A00AC351F /* Color.swift in Sources */,
				1D76651E29D9DCFC005C72CB /* NetworkingManager.swift in Sources */,
				1D667A5529E9EE4F00897F8B /* HomeStatView.swift in Sources */,
				1D76652A29DA1AC3005C72CB /* SearchBarView.swift in Sources */,
				1D2FBCEA29D8920000AC351F /* CircleButtonAnimationView.swift in Sources */,
				1DFC784C29EB016600B746FB /* XMarkButton.swift in Sources */,
				1D667A5929E9F57700897F8B /* MarketDataService.swift in Sources */,
				1D76652629D9EF01005C72CB /* CoinImageViewModel.swift in Sources */,
				1D370EA429D8BCBE0025AA24 /* PreviewProvider.swift in Sources */,
				1D370EA629D8BF210025AA24 /* Double.swift in Sources */,
				1DFC784A29EAFF1400B746FB /* PortfolioView.swift in Sources */,
				1D76652429D9ECF6005C72CB /* CoinImageService.swift in Sources */,
				1D370E9E29D8B3C70025AA24 /* CoinModel.swift in Sources */,
				1D76652829DA10B8005C72CB /* LocaleFileManager.swift in Sources */,
				1DAFDFD729EB37790009F252 /* PortfolioDataService.swift in Sources */,
			);
			runOnlyForDeploymentPostprocessing = 0;
		};
/* End PBXSourcesBuildPhase section */

/* Begin XCBuildConfiguration section */
		1D2FBCD329D871B500AC351F /* Debug */ = {
			isa = XCBuildConfiguration;
			buildSettings = {
				ALWAYS_SEARCH_USER_PATHS = NO;
				CLANG_ANALYZER_NONNULL = YES;
				CLANG_ANALYZER_NUMBER_OBJECT_CONVERSION = YES_AGGRESSIVE;
				CLANG_CXX_LANGUAGE_STANDARD = "gnu++20";
				CLANG_ENABLE_MODULES = YES;
				CLANG_ENABLE_OBJC_ARC = YES;
				CLANG_ENABLE_OBJC_WEAK = YES;
				CLANG_WARN_BLOCK_CAPTURE_AUTORELEASING = YES;
				CLANG_WARN_BOOL_CONVERSION = YES;
				CLANG_WARN_COMMA = YES;
				CLANG_WARN_CONSTANT_CONVERSION = YES;
				CLANG_WARN_DEPRECATED_OBJC_IMPLEMENTATIONS = YES;
				CLANG_WARN_DIRECT_OBJC_ISA_USAGE = YES_ERROR;
				CLANG_WARN_DOCUMENTATION_COMMENTS = YES;
				CLANG_WARN_EMPTY_BODY = YES;
				CLANG_WARN_ENUM_CONVERSION = YES;
				CLANG_WARN_INFINITE_RECURSION = YES;
				CLANG_WARN_INT_CONVERSION = YES;
				CLANG_WARN_NON_LITERAL_NULL_CONVERSION = YES;
				CLANG_WARN_OBJC_IMPLICIT_RETAIN_SELF = YES;
				CLANG_WARN_OBJC_LITERAL_CONVERSION = YES;
				CLANG_WARN_OBJC_ROOT_CLASS = YES_ERROR;
				CLANG_WARN_QUOTED_INCLUDE_IN_FRAMEWORK_HEADER = YES;
				CLANG_WARN_RANGE_LOOP_ANALYSIS = YES;
				CLANG_WARN_STRICT_PROTOTYPES = YES;
				CLANG_WARN_SUSPICIOUS_MOVE = YES;
				CLANG_WARN_UNGUARDED_AVAILABILITY = YES_AGGRESSIVE;
				CLANG_WARN_UNREACHABLE_CODE = YES;
				CLANG_WARN__DUPLICATE_METHOD_MATCH = YES;
				COPY_PHASE_STRIP = NO;
				DEBUG_INFORMATION_FORMAT = dwarf;
				ENABLE_STRICT_OBJC_MSGSEND = YES;
				ENABLE_TESTABILITY = YES;
				GCC_C_LANGUAGE_STANDARD = gnu11;
				GCC_DYNAMIC_NO_PIC = NO;
				GCC_NO_COMMON_BLOCKS = YES;
				GCC_OPTIMIZATION_LEVEL = 0;
				GCC_PREPROCESSOR_DEFINITIONS = (
					"DEBUG=1",
					"$(inherited)",
				);
				GCC_WARN_64_TO_32_BIT_CONVERSION = YES;
				GCC_WARN_ABOUT_RETURN_TYPE = YES_ERROR;
				GCC_WARN_UNDECLARED_SELECTOR = YES;
				GCC_WARN_UNINITIALIZED_AUTOS = YES_AGGRESSIVE;
				GCC_WARN_UNUSED_FUNCTION = YES;
				GCC_WARN_UNUSED_VARIABLE = YES;
				IPHONEOS_DEPLOYMENT_TARGET = 16.2;
				MTL_ENABLE_DEBUG_INFO = INCLUDE_SOURCE;
				MTL_FAST_MATH = YES;
				ONLY_ACTIVE_ARCH = YES;
				SDKROOT = iphoneos;
				SWIFT_ACTIVE_COMPILATION_CONDITIONS = DEBUG;
				SWIFT_OPTIMIZATION_LEVEL = "-Onone";
			};
			name = Debug;
		};
		1D2FBCD429D871B500AC351F /* Release */ = {
			isa = XCBuildConfiguration;
			buildSettings = {
				ALWAYS_SEARCH_USER_PATHS = NO;
				CLANG_ANALYZER_NONNULL = YES;
				CLANG_ANALYZER_NUMBER_OBJECT_CONVERSION = YES_AGGRESSIVE;
				CLANG_CXX_LANGUAGE_STANDARD = "gnu++20";
				CLANG_ENABLE_MODULES = YES;
				CLANG_ENABLE_OBJC_ARC = YES;
				CLANG_ENABLE_OBJC_WEAK = YES;
				CLANG_WARN_BLOCK_CAPTURE_AUTORELEASING = YES;
				CLANG_WARN_BOOL_CONVERSION = YES;
				CLANG_WARN_COMMA = YES;
				CLANG_WARN_CONSTANT_CONVERSION = YES;
				CLANG_WARN_DEPRECATED_OBJC_IMPLEMENTATIONS = YES;
				CLANG_WARN_DIRECT_OBJC_ISA_USAGE = YES_ERROR;
				CLANG_WARN_DOCUMENTATION_COMMENTS = YES;
				CLANG_WARN_EMPTY_BODY = YES;
				CLANG_WARN_ENUM_CONVERSION = YES;
				CLANG_WARN_INFINITE_RECURSION = YES;
				CLANG_WARN_INT_CONVERSION = YES;
				CLANG_WARN_NON_LITERAL_NULL_CONVERSION = YES;
				CLANG_WARN_OBJC_IMPLICIT_RETAIN_SELF = YES;
				CLANG_WARN_OBJC_LITERAL_CONVERSION = YES;
				CLANG_WARN_OBJC_ROOT_CLASS = YES_ERROR;
				CLANG_WARN_QUOTED_INCLUDE_IN_FRAMEWORK_HEADER = YES;
				CLANG_WARN_RANGE_LOOP_ANALYSIS = YES;
				CLANG_WARN_STRICT_PROTOTYPES = YES;
				CLANG_WARN_SUSPICIOUS_MOVE = YES;
				CLANG_WARN_UNGUARDED_AVAILABILITY = YES_AGGRESSIVE;
				CLANG_WARN_UNREACHABLE_CODE = YES;
				CLANG_WARN__DUPLICATE_METHOD_MATCH = YES;
				COPY_PHASE_STRIP = NO;
				DEBUG_INFORMATION_FORMAT = "dwarf-with-dsym";
				ENABLE_NS_ASSERTIONS = NO;
				ENABLE_STRICT_OBJC_MSGSEND = YES;
				GCC_C_LANGUAGE_STANDARD = gnu11;
				GCC_NO_COMMON_BLOCKS = YES;
				GCC_WARN_64_TO_32_BIT_CONVERSION = YES;
				GCC_WARN_ABOUT_RETURN_TYPE = YES_ERROR;
				GCC_WARN_UNDECLARED_SELECTOR = YES;
				GCC_WARN_UNINITIALIZED_AUTOS = YES_AGGRESSIVE;
				GCC_WARN_UNUSED_FUNCTION = YES;
				GCC_WARN_UNUSED_VARIABLE = YES;
				IPHONEOS_DEPLOYMENT_TARGET = 16.2;
				MTL_ENABLE_DEBUG_INFO = NO;
				MTL_FAST_MATH = YES;
				SDKROOT = iphoneos;
				SWIFT_COMPILATION_MODE = wholemodule;
				SWIFT_OPTIMIZATION_LEVEL = "-O";
				VALIDATE_PRODUCT = YES;
			};
			name = Release;
		};
		1D2FBCD629D871B500AC351F /* Debug */ = {
			isa = XCBuildConfiguration;
			buildSettings = {
				ASSETCATALOG_COMPILER_APPICON_NAME = AppIcon;
				ASSETCATALOG_COMPILER_GLOBAL_ACCENT_COLOR_NAME = AccentColor;
				CODE_SIGN_STYLE = Automatic;
				CURRENT_PROJECT_VERSION = 1;
				DEVELOPMENT_ASSET_PATHS = "\"CryptoApp/Preview Content\"";
				DEVELOPMENT_TEAM = JFBLHQ46UV;
				ENABLE_PREVIEWS = YES;
				GENERATE_INFOPLIST_FILE = YES;
				INFOPLIST_KEY_CFBundleDisplayName = "Crypto Tracker";
				INFOPLIST_KEY_UIApplicationSceneManifest_Generation = YES;
				INFOPLIST_KEY_UIApplicationSupportsIndirectInputEvents = YES;
				INFOPLIST_KEY_UILaunchScreen_Generation = YES;
				INFOPLIST_KEY_UISupportedInterfaceOrientations = UIInterfaceOrientationPortrait;
				INFOPLIST_KEY_UISupportedInterfaceOrientations_iPad = "UIInterfaceOrientationLandscapeLeft UIInterfaceOrientationLandscapeRight UIInterfaceOrientationPortrait UIInterfaceOrientationPortraitUpsideDown";
				LD_RUNPATH_SEARCH_PATHS = (
					"$(inherited)",
					"@executable_path/Frameworks",
				);
				MARKETING_VERSION = 1.0;
				PRODUCT_BUNDLE_IDENTIFIER = "Alik-and-CO.CryptoApp";
				PRODUCT_NAME = "$(TARGET_NAME)";
				SWIFT_EMIT_LOC_STRINGS = YES;
				SWIFT_VERSION = 5.0;
				TARGETED_DEVICE_FAMILY = "1,2";
			};
			name = Debug;
		};
		1D2FBCD729D871B500AC351F /* Release */ = {
			isa = XCBuildConfiguration;
			buildSettings = {
				ASSETCATALOG_COMPILER_APPICON_NAME = AppIcon;
				ASSETCATALOG_COMPILER_GLOBAL_ACCENT_COLOR_NAME = AccentColor;
				CODE_SIGN_STYLE = Automatic;
				CURRENT_PROJECT_VERSION = 1;
				DEVELOPMENT_ASSET_PATHS = "\"CryptoApp/Preview Content\"";
				DEVELOPMENT_TEAM = JFBLHQ46UV;
				ENABLE_PREVIEWS = YES;
				GENERATE_INFOPLIST_FILE = YES;
				INFOPLIST_KEY_CFBundleDisplayName = "Crypto Tracker";
				INFOPLIST_KEY_UIApplicationSceneManifest_Generation = YES;
				INFOPLIST_KEY_UIApplicationSupportsIndirectInputEvents = YES;
				INFOPLIST_KEY_UILaunchScreen_Generation = YES;
				INFOPLIST_KEY_UISupportedInterfaceOrientations = UIInterfaceOrientationPortrait;
				INFOPLIST_KEY_UISupportedInterfaceOrientations_iPad = "UIInterfaceOrientationLandscapeLeft UIInterfaceOrientationLandscapeRight UIInterfaceOrientationPortrait UIInterfaceOrientationPortraitUpsideDown";
				LD_RUNPATH_SEARCH_PATHS = (
					"$(inherited)",
					"@executable_path/Frameworks",
				);
				MARKETING_VERSION = 1.0;
				PRODUCT_BUNDLE_IDENTIFIER = "Alik-and-CO.CryptoApp";
				PRODUCT_NAME = "$(TARGET_NAME)";
				SWIFT_EMIT_LOC_STRINGS = YES;
				SWIFT_VERSION = 5.0;
				TARGETED_DEVICE_FAMILY = "1,2";
			};
			name = Release;
		};
/* End XCBuildConfiguration section */

/* Begin XCConfigurationList section */
		1D2FBCC229D871B400AC351F /* Build configuration list for PBXProject "CryptoApp" */ = {
			isa = XCConfigurationList;
			buildConfigurations = (
				1D2FBCD329D871B500AC351F /* Debug */,
				1D2FBCD429D871B500AC351F /* Release */,
			);
			defaultConfigurationIsVisible = 0;
			defaultConfigurationName = Release;
		};
		1D2FBCD529D871B500AC351F /* Build configuration list for PBXNativeTarget "CryptoApp" */ = {
			isa = XCConfigurationList;
			buildConfigurations = (
				1D2FBCD629D871B500AC351F /* Debug */,
				1D2FBCD729D871B500AC351F /* Release */,
			);
			defaultConfigurationIsVisible = 0;
			defaultConfigurationName = Release;
		};
/* End XCConfigurationList section */

/* Begin XCVersionGroup section */
		1DAFDFD329EB36C20009F252 /* PortfolioContainer.xcdatamodeld */ = {
			isa = XCVersionGroup;
			children = (
				1DAFDFD429EB36C20009F252 /* PortfolioContainer.xcdatamodel */,
			);
			currentVersion = 1DAFDFD429EB36C20009F252 /* PortfolioContainer.xcdatamodel */;
			path = PortfolioContainer.xcdatamodeld;
			sourceTree = "<group>";
			versionGroupType = wrapper.xcdatamodel;
		};
/* End XCVersionGroup section */
	};
	rootObject = 1D2FBCBF29D871B400AC351F /* Project object */;
}
